
Microsoft Visual Studio Solution File, Format Version 12.00
# Visual Studio Version 17
VisualStudioVersion = 17.3.32804.467
MinimumVisualStudioVersion = 10.0.40219.1
Project("{FAE04EC0-301F-11D3-BF4B-00C04F79EFBC}") = "GrpcAzureAppServiceAppAuth", "GrpcAzureAppServiceAppAuth\GrpcAzureAppServiceAppAuth.csproj", "{70ABED2A-5194-4714-82FF-9C4C14699429}"
EndProject
Project("{FAE04EC0-301F-11D3-BF4B-00C04F79EFBC}") = "GrpcAppClientConsole", "GrpcAppClientConsole\GrpcAppClientConsole.csproj", "{EBDEA57D-4A1A-4C50-87F2-2E5D185F03DF}"
EndProject
Project("{2150E333-8FDC-42A3-9474-1A3956D46DE8}") = "Solution Items", "Solution Items", "{59D9BBAC-997A-4EF7-A08E-78DDA1363977}"
	ProjectSection(SolutionItems) = preProject
		..\README.md = ..\README.md
	EndProjectSection
EndProject
Global
	GlobalSection(SolutionConfigurationPlatforms) = preSolution
		Debug|Any CPU = Debug|Any CPU
		Release|Any CPU = Release|Any CPU
	EndGlobalSection
	GlobalSection(ProjectConfigurationPlatforms) = postSolution
		{70ABED2A-5194-4714-82FF-9C4C14699429}.Debug|Any CPU.ActiveCfg = Debug|Any CPU
		{70ABED2A-5194-4714-82FF-9C4C14699429}.Debug|Any CPU.Build.0 = Debug|Any CPU
		{70ABED2A-5194-4714-82FF-9C4C14699429}.Release|Any CPU.ActiveCfg = Release|Any CPU
		{70ABED2A-5194-4714-82FF-9C4C14699429}.Release|Any CPU.Build.0 = Release|Any CPU
		{EBDEA57D-4A1A-4C50-87F2-2E5D185F03DF}.Debug|Any CPU.ActiveCfg = Debug|Any CPU
		{EBDEA57D-4A1A-4C50-87F2-2E5D185F03DF}.Debug|Any CPU.Build.0 = Debug|Any CPU
		{EBDEA57D-4A1A-4C50-87F2-2E5D185F03DF}.Release|Any CPU.ActiveCfg = Release|Any CPU
		{EBDEA57D-4A1A-4C50-87F2-2E5D185F03DF}.Release|Any CPU.Build.0 = Release|Any CPU
	EndGlobalSection
	GlobalSection(SolutionProperties) = preSolution
		HideSolutionNode = FALSE
	EndGlobalSection
	GlobalSection(ExtensibilityGlobals) = postSolution
		SolutionGuid = {189B5767-904B-41F8-8D61-4FA8ECFDC9DD}
	EndGlobalSection
EndGlobal
